{
  "name": "myNote",
  "version": "1.0.0",
  "lockfileVersion": 1,
  "requires": true,
  "dependencies": {
    "@vuepress/plugin-medium-zoom": {
      "version": "1.4.0",
      "resolved": "https://registry.npmjs.org/@vuepress/plugin-medium-zoom/-/plugin-medium-zoom-1.4.0.tgz",
      "integrity": "sha512-PkGSZa2LLrGN1V4KJ/p2/Mp9kUx7sCqXRaL3CG1ku+Lr2vgBzbcsCXXsJLszhm6ZyvBHus7hJpZxrx87n++IOg==",
      "dev": true,
      "requires": {
        "medium-zoom": "^1.0.4"
      }
    },
    "medium-zoom": {
      "version": "1.0.5",
      "resolved": "https://registry.npmjs.org/medium-zoom/-/medium-zoom-1.0.5.tgz",
      "integrity": "sha512-aLGa6WlTuFKWvH88bqTrY5ztJMN+D0hd8UX6BYc4YSoPayppzETjZUcdVcksgaoQEMg4cZSmXPg846fTp2rjRQ==",
      "dev": true
    }
  }
}
